
Microsoft Visual Studio Solution File, Format Version 12.00
# Visual Studio Version 16
VisualStudioVersion = 25.0.1706.8
MinimumVisualStudioVersion = 10.0.40219.1
Project("{FAE04EC0-301F-11D3-BF4B-00C04F79EFBC}") = "TeldatRecruitmentTask", "TeldatRecruitmentTask\TeldatRecruitmentTask.csproj", "{776FAFCA-0A18-4995-AE29-72F8991355EB}"
EndProject
Global
	GlobalSection(SolutionConfigurationPlatforms) = preSolution
		Debug|Any CPU = Debug|Any CPU
		Release|Any CPU = Release|Any CPU
	EndGlobalSection
	GlobalSection(ProjectConfigurationPlatforms) = postSolution
		{776FAFCA-0A18-4995-AE29-72F8991355EB}.Debug|Any CPU.ActiveCfg = Debug|Any CPU
		{776FAFCA-0A18-4995-AE29-72F8991355EB}.Debug|Any CPU.Build.0 = Debug|Any CPU
		{776FAFCA-0A18-4995-AE29-72F8991355EB}.Release|Any CPU.ActiveCfg = Release|Any CPU
		{776FAFCA-0A18-4995-AE29-72F8991355EB}.Release|Any CPU.Build.0 = Release|Any CPU
	EndGlobalSection
	GlobalSection(SolutionProperties) = preSolution
		HideSolutionNode = FALSE
	EndGlobalSection
	GlobalSection(ExtensibilityGlobals) = postSolution
		SolutionGuid = {D23D38C6-FEF2-49D0-B248-B44A50121BA7}
	EndGlobalSection
EndGlobal
